github.com/Jviguy/GoingCommando v0.0.2-0.20201028183944-30ee3a7e229d h1:yVQHuN/3ccB48TAZKduqv/Rty1mLhb2dQ9E7Yo3d1Fc=
github.com/Jviguy/GoingCommando v0.0.2-0.20201028183944-30ee3a7e229d/go.mod h1:R5zS8E8gNGaeGKgUx+CiZ5i9SKHzuGuh2mMep75sqIk=
github.com/Jviguy/GoingCommando v0.0.2-0.20201028184730-ec3e83e2acfb h1:W021x3vmf3LpsoRpCbIMNdTv4MNM1jCVjca9nxiYc0k=
github.com/Jviguy/GoingCommando v0.0.2-0.20201028184730-ec3e83e2acfb/go.mod h1:R5zS8E8gNGaeGKgUx+CiZ5i9SKHzuGuh2mMep75sqIk=
github.com/Jviguy/GoingCommando v0.0.2-0.20201028185231-19f4518389ab h1:SZ4/w8/Wo3jcRCSo7oO/LucdnvW969XxJvHavoA+BcY=
github.com/Jviguy/GoingCommando v0.0.2-0.20201028185231-19f4518389ab/go.mod h1:R5zS8E8gNGaeGKgUx+CiZ5i9SKHzuGuh2mMep75sqIk=
github.com/Jviguy/GoingCommando v0.1.0 h1:oSbcP2zTqkaqSmtbonFDpMLmcDWtIbv11Z/9tANex70=
github.com/Jviguy/GoingCommando v0.1.0/go.mod h1:R5zS8E8gNGaeGKgUx+CiZ5i9SKHzuGuh2mMep75sqIk=
github.com/Jviguy/GoingCommando v0.1.1 h1:lY6hMTBl1EVxkZfulu66f3Qu9boa+6LUMFfrRoIk7uY=
github.com/Jviguy/GoingCommando v0.1.1/go.mod h1:R5zS8E8gNGaeGKgUx+CiZ5i9SKHzuGuh2mMep75sqIk=
github.com/Jviguy/GoingCommando v0.1.2-0.20201028195054-f858df83ebd9 h1:HOzgbXNWDuktMnWBYdV/6ERbGB/Lic1vHXQ0viKH+FI=
github.com/Jviguy/GoingCommando v0.1.2-0.20201028195054-f858df83ebd9/go.mod h1:R5zS8E8gNGaeGKgUx+CiZ5i9SKHzuGuh2mMep75sqIk=
github.com/Jviguy/GoingCommando v0.1.2-0.20201028195941-8697befe447a h1:cnc8Q+pbT+5JKWi9U0/5nMg7UbjBJLac9TOA72RRXuo=
github.com/Jviguy/GoingCommando v0.1.2-0.20201028195941-8697befe447a/go.mod h1:R5zS8E8gNGaeGKgUx+CiZ5i9SKHzuGuh2mMep75sqIk=
github.com/bwmarrin/discordgo v0.22.0 h1:uBxY1HmlVCsW1IuaPjpCGT6A2DBwRn0nvOguQIxDdFM=
github.com/bwmarrin/discordgo v0.22.0/go.mod h1:c1WtWUGN6nREDmzIpyTp/iD3VYt4Fpx+bVyfBG7JE+M=
github.com/gorilla/websocket v1.4.0 h1:WDFjx/TMzVgy9VdMMQi2K2Emtwi2QcUQsztZ/zLaH/Q=
github.com/gorilla/websocket v1.4.0/go.mod h1:E7qHFY5m1UJ88s3WnNqhKjPHQ0heANvMoAMk2YaljkQ=
golang.org/x/crypto v0.0.0-20181030102418-4d3f4d9ffa16 h1:y6ce7gCWtnH+m3dCjzQ1PCuwl28DDIc3VNnvY29DlIA=
golang.org/x/crypto v0.0.0-20181030102418-4d3f4d9ffa16/go.mod h1:6SG95UA2DQfeDnfUPMdvaQW0Q7yPrPDi9nlGo2tz2b4=
